
Microsoft Visual Studio Solution File, Format Version 12.00
# Visual Studio Version 16
VisualStudioVersion = 16.0.30128.74
MinimumVisualStudioVersion = 10.0.40219.1
Project("{FAE04EC0-301F-11D3-BF4B-00C04F79EFBC}") = "Test", "Test\Test.csproj", "{50CAE0A5-312A-481D-B7BC-200F8946CB85}"
EndProject
Global
	GlobalSection(SolutionConfigurationPlatforms) = preSolution
		Debug|Any CPU = Debug|Any CPU
		Release|Any CPU = Release|Any CPU
	EndGlobalSection
	GlobalSection(ProjectConfigurationPlatforms) = postSolution
		{50CAE0A5-312A-481D-B7BC-200F8946CB85}.Debug|Any CPU.ActiveCfg = Debug|Any CPU
		{50CAE0A5-312A-481D-B7BC-200F8946CB85}.Debug|Any CPU.Build.0 = Debug|Any CPU
		{50CAE0A5-312A-481D-B7BC-200F8946CB85}.Release|Any CPU.ActiveCfg = Release|Any CPU
		{50CAE0A5-312A-481D-B7BC-200F8946CB85}.Release|Any CPU.Build.0 = Release|Any CPU
	EndGlobalSection
	GlobalSection(SolutionProperties) = preSolution
		HideSolutionNode = FALSE
	EndGlobalSection
	GlobalSection(ExtensibilityGlobals) = postSolution
		SolutionGuid = {FA8E0FD6-3F62-4ED5-AFDF-94ED05BA8CB0}
	EndGlobalSection
EndGlobal
